
Microsoft Visual Studio Solution File, Format Version 12.00
# Visual Studio Version 17
VisualStudioVersion = 17.1.32328.378
MinimumVisualStudioVersion = 10.0.40219.1
Project("{FAE04EC0-301F-11D3-BF4B-00C04F79EFBC}") = "BigOhNotation", "BigOhNotation\BigOhNotation.csproj", "{4AEF729C-0E06-4074-B625-2F7227353EB8}"
EndProject
Global
	GlobalSection(SolutionConfigurationPlatforms) = preSolution
		Debug|Any CPU = Debug|Any CPU
		Release|Any CPU = Release|Any CPU
	EndGlobalSection
	GlobalSection(ProjectConfigurationPlatforms) = postSolution
		{4AEF729C-0E06-4074-B625-2F7227353EB8}.Debug|Any CPU.ActiveCfg = Debug|Any CPU
		{4AEF729C-0E06-4074-B625-2F7227353EB8}.Debug|Any CPU.Build.0 = Debug|Any CPU
		{4AEF729C-0E06-4074-B625-2F7227353EB8}.Release|Any CPU.ActiveCfg = Release|Any CPU
		{4AEF729C-0E06-4074-B625-2F7227353EB8}.Release|Any CPU.Build.0 = Release|Any CPU
	EndGlobalSection
	GlobalSection(SolutionProperties) = preSolution
		HideSolutionNode = FALSE
	EndGlobalSection
	GlobalSection(ExtensibilityGlobals) = postSolution
		SolutionGuid = {0BBCCDEB-31C8-43BD-A0C5-DCF10F5959F5}
	EndGlobalSection
EndGlobal
